{
    "name": "three-extend-material",
    "version": "1.0.0",
    "lockfileVersion": 2,
    "requires": true,
    "packages": {
        "": {
            "name": "three-extend-material",
            "version": "1.0.0",
            "license": "ISC",
            "devDependencies": {
                "three": "0.134.0"
            }
        },
        "node_modules/three": {
            "version": "0.134.0",
            "resolved": "https://registry.npmjs.org/three/-/three-0.134.0.tgz",
            "integrity": "sha512-LbBerg7GaSPjYtTOnu41AMp7tV6efUNR3p4Wk5NzkSsNTBuA5mDGOfwwZL1jhhVMLx9V20HolIUo0+U3AXehbg==",
            "dev": true
        }
    },
    "dependencies": {
        "three": {
            "version": "0.134.0",
            "resolved": "https://registry.npmjs.org/three/-/three-0.134.0.tgz",
            "integrity": "sha512-LbBerg7GaSPjYtTOnu41AMp7tV6efUNR3p4Wk5NzkSsNTBuA5mDGOfwwZL1jhhVMLx9V20HolIUo0+U3AXehbg==",
            "dev": true
        }
    }
}
